// !$*UTF8*$!
{
	archiveVersion = 1;
	classes = {
	};
	objectVersion = 77;
	objects = {

/* Begin PBXBuildFile section */
		86B85A2B2F2BA8FC007EF5A9 /* FirebaseAnalytics in Frameworks */ = {isa = PBXBuildFile; productRef = 86B85A2A2F2BA8FC007EF5A9 /* FirebaseAnalytics */; };
		86B85A2D2F2BA8FC007EF5A9 /* FirebaseAuth in Frameworks */ = {isa = PBXBuildFile; productRef = 86B85A2C2F2BA8FC007EF5A9 /* FirebaseAuth */; };
		86B85A2F2F2BA8FC007EF5A9 /* FirebaseFirestore in Frameworks */ = {isa = PBXBuildFile; productRef = 86B85A2E2F2BA8FC007EF5A9 /* FirebaseFirestore */; };
		86B85A4C2F302C7C007EF5A9 /* GoogleSignIn in Frameworks */ = {isa = PBXBuildFile; productRef = 86B85A4B2F302C7C007EF5A9 /* GoogleSignIn */; };
		86B85A4E2F302C7C007EF5A9 /* GoogleSignInSwift in Frameworks */ = {isa = PBXBuildFile; productRef = 86B85A4D2F302C7C007EF5A9 /* GoogleSignInSwift */; };
		86B85A512F30C92E007EF5A9 /* FacebookAEM in Frameworks */ = {isa = PBXBuildFile; productRef = 86B85A502F30C92E007EF5A9 /* FacebookAEM */; };
		86B85A532F30C92E007EF5A9 /* FacebookBasics in Frameworks */ = {isa = PBXBuildFile; productRef = 86B85A522F30C92E007EF5A9 /* FacebookBasics */; };
		86B85A552F30C92E007EF5A9 /* FacebookCore in Frameworks */ = {isa = PBXBuildFile; productRef = 86B85A542F30C92E007EF5A9 /* FacebookCore */; };
		86B85A592F30C92E007EF5A9 /* FacebookLogin in Frameworks */ = {isa = PBXBuildFile; productRef = 86B85A582F30C92E007EF5A9 /* FacebookLogin */; };
/* End PBXBuildFile section */

/* Begin PBXFileReference section */
		86B85A192F2BA268007EF5A9 /* PianoApp.app */ = {isa = PBXFileReference; explicitFileType = wrapper.application; includeInIndex = 0; path = PianoApp.app; sourceTree = BUILT_PRODUCTS_DIR; };
/* End PBXFileReference section */

/* Begin PBXFileSystemSynchronizedBuildFileExceptionSet section */
		86B85A352F2FE68B007EF5A9 /* Exceptions for "PianoApp" folder in "PianoApp" target */ = {
			isa = PBXFileSystemSynchronizedBuildFileExceptionSet;
			membershipExceptions = (
				Info.plist,
			);
			target = 86B85A182F2BA268007EF5A9 /* PianoApp */;
		};
/* End PBXFileSystemSynchronizedBuildFileExceptionSet section */

/* Begin PBXFileSystemSynchronizedRootGroup section */
		86B85A1B2F2BA268007EF5A9 /* PianoApp */ = {
			isa = PBXFileSystemSynchronizedRootGroup;
			exceptions = (
				86B85A352F2FE68B007EF5A9 /* Exceptions for "PianoApp" folder in "PianoApp" target */,
			);
			path = PianoApp;
			sourceTree = "<group>";
		};
/* End PBXFileSystemSynchronizedRootGroup section */

/* Begin PBXFrameworksBuildPhase section */
		86B85A162F2BA268007EF5A9 /* Frameworks */ = {
			isa = PBXFrameworksBuildPhase;
			buildActionMask = 2147483647;
			files = (
				86B85A592F30C92E007EF5A9 /* FacebookLogin in Frameworks */,
				86B85A532F30C92E007EF5A9 /* FacebookBasics in Frameworks */,
				86B85A512F30C92E007EF5A9 /* FacebookAEM in Frameworks */,
				86B85A4E2F302C7C007EF5A9 /* GoogleSignInSwift in Frameworks */,
				86B85A2B2F2BA8FC007EF5A9 /* FirebaseAnalytics in Frameworks */,
				86B85A4C2F302C7C007EF5A9 /* GoogleSignIn in Frameworks */,
				86B85A2D2F2BA8FC007EF5A9 /* FirebaseAuth in Frameworks */,
				86B85A2F2F2BA8FC007EF5A9 /* FirebaseFirestore in Frameworks */,
				86B85A552F30C92E007EF5A9 /* FacebookCore in Frameworks */,
			);
			runOnlyForDeploymentPostprocessing = 0;
		};
/* End PBXFrameworksBuildPhase section */

/* Begin PBXGroup section */
		86B85A102F2BA268007EF5A9 = {
			isa = PBXGroup;
			children = (
				86B85A1B2F2BA268007EF5A9 /* PianoApp */,
				86B85A1A2F2BA268007EF5A9 /* Products */,
			);
			sourceTree = "<group>";
		};
		86B85A1A2F2BA268007EF5A9 /* Products */ = {
			isa = PBXGroup;
			children = (
				86B85A192F2BA268007EF5A9 /* PianoApp.app */,
			);
			name = Products;
			sourceTree = "<group>";
		};
/* End PBXGroup section */

/* Begin PBXNativeTarget section */
		86B85A182F2BA268007EF5A9 /* PianoApp */ = {
			isa = PBXNativeTarget;
			buildConfigurationList = 86B85A242F2BA269007EF5A9 /* Build configuration list for PBXNativeTarget "PianoApp" */;
			buildPhases = (
				86B85A152F2BA268007EF5A9 /* Sources */,
				86B85A162F2BA268007EF5A9 /* Frameworks */,
				86B85A172F2BA268007EF5A9 /* Resources */,
			);
			buildRules = (
			);
			dependencies = (
			);
			fileSystemSynchronizedGroups = (
				86B85A1B2F2BA268007EF5A9 /* PianoApp */,
			);
			name = PianoApp;
			packageProductDependencies = (
				86B85A2A2F2BA8FC007EF5A9 /* FirebaseAnalytics */,
				86B85A2C2F2BA8FC007EF5A9 /* FirebaseAuth */,
				86B85A2E2F2BA8FC007EF5A9 /* FirebaseFirestore */,
				86B85A4B2F302C7C007EF5A9 /* GoogleSignIn */,
				86B85A4D2F302C7C007EF5A9 /* GoogleSignInSwift */,
				86B85A502F30C92E007EF5A9 /* FacebookAEM */,
				86B85A522F30C92E007EF5A9 /* FacebookBasics */,
				86B85A542F30C92E007EF5A9 /* FacebookCore */,
				86B85A582F30C92E007EF5A9 /* FacebookLogin */,
			);
			productName = PianoApp;
			productReference = 86B85A192F2BA268007EF5A9 /* PianoApp.app */;
			productType = "com.apple.product-type.application";
		};
/* End PBXNativeTarget section */

/* Begin PBXProject section */
		86B85A112F2BA268007EF5A9 /* Project object */ = {
			isa = PBXProject;
			attributes = {
				BuildIndependentTargetsInParallel = 1;
				LastSwiftUpdateCheck = 2620;
				LastUpgradeCheck = 2620;
				TargetAttributes = {
					86B85A182F2BA268007EF5A9 = {
						CreatedOnToolsVersion = 26.2;
					};
				};
			};
			buildConfigurationList = 86B85A142F2BA268007EF5A9 /* Build configuration list for PBXProject "PianoApp" */;
			developmentRegion = en;
			hasScannedForEncodings = 0;
			knownRegions = (
				en,
				Base,
			);
			mainGroup = 86B85A102F2BA268007EF5A9;
			minimizedProjectReferenceProxies = 1;
			packageReferences = (
				86B85A292F2BA8FC007EF5A9 /* XCRemoteSwiftPackageReference "firebase-ios-sdk" */,
				86B85A4A2F302C7C007EF5A9 /* XCRemoteSwiftPackageReference "GoogleSignIn-iOS" */,
				86B85A4F2F30C92E007EF5A9 /* XCRemoteSwiftPackageReference "facebook-ios-sdk" */,
			);
			preferredProjectObjectVersion = 77;
			productRefGroup = 86B85A1A2F2BA268007EF5A9 /* Products */;
			projectDirPath = "";
			projectRoot = "";
			targets = (
				86B85A182F2BA268007EF5A9 /* PianoApp */,
			);
		};
/* End PBXProject section */

/* Begin PBXResourcesBuildPhase section */
		86B85A172F2BA268007EF5A9 /* Resources */ = {
			isa = PBXResourcesBuildPhase;
			buildActionMask = 2147483647;
			files = (
			);
			runOnlyForDeploymentPostprocessing = 0;
		};
/* End PBXResourcesBuildPhase section */

/* Begin PBXSourcesBuildPhase section */
		86B85A152F2BA268007EF5A9 /* Sources */ = {
			isa = PBXSourcesBuildPhase;
			buildActionMask = 2147483647;
			files = (
			);
			runOnlyForDeploymentPostprocessing = 0;
		};
/* End PBXSourcesBuildPhase section */

/* Begin XCBuildConfiguration section */
		86B85A222F2BA269007EF5A9 /* Debug */ = {
			isa = XCBuildConfiguration;
			buildSettings = {
				ALWAYS_SEARCH_USER_PATHS = NO;
				ASSETCATALOG_COMPILER_GENERATE_SWIFT_ASSET_SYMBOL_EXTENSIONS = YES;
				CLANG_ANALYZER_NONNULL = YES;
				CLANG_ANALYZER_NUMBER_OBJECT_CONVERSION = YES_AGGRESSIVE;
				CLANG_CXX_LANGUAGE_STANDARD = "gnu++20";
				CLANG_ENABLE_MODULES = YES;
				CLANG_ENABLE_OBJC_ARC = YES;
				CLANG_ENABLE_OBJC_WEAK = YES;
				CLANG_WARN_BLOCK_CAPTURE_AUTORELEASING = YES;
				CLANG_WARN_BOOL_CONVERSION = YES;
				CLANG_WARN_COMMA = YES;
				CLANG_WARN_CONSTANT_CONVERSION = YES;
				CLANG_WARN_DEPRECATED_OBJC_IMPLEMENTATIONS = YES;
				CLANG_WARN_DIRECT_OBJC_ISA_USAGE = YES_ERROR;
				CLANG_WARN_DOCUMENTATION_COMMENTS = YES;
				CLANG_WARN_EMPTY_BODY = YES;
				CLANG_WARN_ENUM_CONVERSION = YES;
				CLANG_WARN_INFINITE_RECURSION = YES;
				CLANG_WARN_INT_CONVERSION = YES;
				CLANG_WARN_NON_LITERAL_NULL_CONVERSION = YES;
				CLANG_WARN_OBJC_IMPLICIT_RETAIN_SELF = YES;
				CLANG_WARN_OBJC_LITERAL_CONVERSION = YES;
				CLANG_WARN_OBJC_ROOT_CLASS = YES_ERROR;
				CLANG_WARN_QUOTED_INCLUDE_IN_FRAMEWORK_HEADER = YES;
				CLANG_WARN_RANGE_LOOP_ANALYSIS = YES;
				CLANG_WARN_STRICT_PROTOTYPES = YES;
				CLANG_WARN_SUSPICIOUS_MOVE = YES;
				CLANG_WARN_UNGUARDED_AVAILABILITY = YES_AGGRESSIVE;
				CLANG_WARN_UNREACHABLE_CODE = YES;
				CLANG_WARN__DUPLICATE_METHOD_MATCH = YES;
				COPY_PHASE_STRIP = NO;
				DEBUG_INFORMATION_FORMAT = dwarf;
				ENABLE_STRICT_OBJC_MSGSEND = YES;
				ENABLE_TESTABILITY = YES;
				ENABLE_USER_SCRIPT_SANDBOXING = YES;
				GCC_C_LANGUAGE_STANDARD = gnu17;
				GCC_DYNAMIC_NO_PIC = NO;
				GCC_NO_COMMON_BLOCKS = YES;
				GCC_OPTIMIZATION_LEVEL = 0;
				GCC_PREPROCESSOR_DEFINITIONS = (
					"DEBUG=1",
					"$(inherited)",
				);
				GCC_WARN_64_TO_32_BIT_CONVERSION = YES;
				GCC_WARN_ABOUT_RETURN_TYPE = YES_ERROR;
				GCC_WARN_UNDECLARED_SELECTOR = YES;
				GCC_WARN_UNINITIALIZED_AUTOS = YES_AGGRESSIVE;
				GCC_WARN_UNUSED_FUNCTION = YES;
				GCC_WARN_UNUSED_VARIABLE = YES;
				IPHONEOS_DEPLOYMENT_TARGET = 26.2;
				LOCALIZATION_PREFERS_STRING_CATALOGS = YES;
				MTL_ENABLE_DEBUG_INFO = INCLUDE_SOURCE;
				MTL_FAST_MATH = YES;
				ONLY_ACTIVE_ARCH = YES;
				SDKROOT = iphoneos;
				SWIFT_ACTIVE_COMPILATION_CONDITIONS = "DEBUG $(inherited)";
				SWIFT_OPTIMIZATION_LEVEL = "-Onone";
			};
			name = Debug;
		};
		86B85A232F2BA269007EF5A9 /* Release */ = {
			isa = XCBuildConfiguration;
			buildSettings = {
				ALWAYS_SEARCH_USER_PATHS = NO;
				ASSETCATALOG_COMPILER_GENERATE_SWIFT_ASSET_SYMBOL_EXTENSIONS = YES;
				CLANG_ANALYZER_NONNULL = YES;
				CLANG_ANALYZER_NUMBER_OBJECT_CONVERSION = YES_AGGRESSIVE;
				CLANG_CXX_LANGUAGE_STANDARD = "gnu++20";
				CLANG_ENABLE_MODULES = YES;
				CLANG_ENABLE_OBJC_ARC = YES;
				CLANG_ENABLE_OBJC_WEAK = YES;
				CLANG_WARN_BLOCK_CAPTURE_AUTORELEASING = YES;
				CLANG_WARN_BOOL_CONVERSION = YES;
				CLANG_WARN_COMMA = YES;
				CLANG_WARN_CONSTANT_CONVERSION = YES;
				CLANG_WARN_DEPRECATED_OBJC_IMPLEMENTATIONS = YES;
				CLANG_WARN_DIRECT_OBJC_ISA_USAGE = YES_ERROR;
				CLANG_WARN_DOCUMENTATION_COMMENTS = YES;
				CLANG_WARN_EMPTY_BODY = YES;
				CLANG_WARN_ENUM_CONVERSION = YES;
				CLANG_WARN_INFINITE_RECURSION = YES;
				CLANG_WARN_INT_CONVERSION = YES;
				CLANG_WARN_NON_LITERAL_NULL_CONVERSION = YES;
				CLANG_WARN_OBJC_IMPLICIT_RETAIN_SELF = YES;
				CLANG_WARN_OBJC_LITERAL_CONVERSION = YES;
				CLANG_WARN_OBJC_ROOT_CLASS = YES_ERROR;
				CLANG_WARN_QUOTED_INCLUDE_IN_FRAMEWORK_HEADER = YES;
				CLANG_WARN_RANGE_LOOP_ANALYSIS = YES;
				CLANG_WARN_STRICT_PROTOTYPES = YES;
				CLANG_WARN_SUSPICIOUS_MOVE = YES;
				CLANG_WARN_UNGUARDED_AVAILABILITY = YES_AGGRESSIVE;
				CLANG_WARN_UNREACHABLE_CODE = YES;
				CLANG_WARN__DUPLICATE_METHOD_MATCH = YES;
				COPY_PHASE_STRIP = NO;
				DEBUG_INFORMATION_FORMAT = "dwarf-with-dsym";
				ENABLE_NS_ASSERTIONS = NO;
				ENABLE_STRICT_OBJC_MSGSEND = YES;
				ENABLE_USER_SCRIPT_SANDBOXING = YES;
				GCC_C_LANGUAGE_STANDARD = gnu17;
				GCC_NO_COMMON_BLOCKS = YES;
				GCC_WARN_64_TO_32_BIT_CONVERSION = YES;
				GCC_WARN_ABOUT_RETURN_TYPE = YES_ERROR;
				GCC_WARN_UNDECLARED_SELECTOR = YES;
				GCC_WARN_UNINITIALIZED_AUTOS = YES_AGGRESSIVE;
				GCC_WARN_UNUSED_FUNCTION = YES;
				GCC_WARN_UNUSED_VARIABLE = YES;
				IPHONEOS_DEPLOYMENT_TARGET = 26.2;
				LOCALIZATION_PREFERS_STRING_CATALOGS = YES;
				MTL_ENABLE_DEBUG_INFO = NO;
				MTL_FAST_MATH = YES;
				SDKROOT = iphoneos;
				SWIFT_COMPILATION_MODE = wholemodule;
				VALIDATE_PRODUCT = YES;
			};
			name = Release;
		};
		86B85A252F2BA269007EF5A9 /* Debug */ = {
			isa = XCBuildConfiguration;
			buildSettings = {
				ASSETCATALOG_COMPILER_APPICON_NAME = AppIcon;
				ASSETCATALOG_COMPILER_GLOBAL_ACCENT_COLOR_NAME = AccentColor;
				CODE_SIGN_STYLE = Automatic;
				CURRENT_PROJECT_VERSION = 1;
				ENABLE_PREVIEWS = YES;
				GENERATE_INFOPLIST_FILE = YES;
				INFOPLIST_FILE = PianoApp/Info.plist;
				INFOPLIST_KEY_UIApplicationSceneManifest_Generation = YES;
				INFOPLIST_KEY_UIApplicationSupportsIndirectInputEvents = YES;
				INFOPLIST_KEY_UILaunchScreen_Generation = YES;
				INFOPLIST_KEY_UISupportedInterfaceOrientations_iPad = "UIInterfaceOrientationPortrait UIInterfaceOrientationPortraitUpsideDown UIInterfaceOrientationLandscapeLeft UIInterfaceOrientationLandscapeRight";
				INFOPLIST_KEY_UISupportedInterfaceOrientations_iPhone = "UIInterfaceOrientationPortrait UIInterfaceOrientationLandscapeLeft UIInterfaceOrientationLandscapeRight";
				LD_RUNPATH_SEARCH_PATHS = (
					"$(inherited)",
					"@executable_path/Frameworks",
				);
				MARKETING_VERSION = 1.0;
				PRODUCT_BUNDLE_IDENTIFIER = com.jaims.PianoApp;
				PRODUCT_NAME = "$(TARGET_NAME)";
				STRING_CATALOG_GENERATE_SYMBOLS = YES;
				SWIFT_APPROACHABLE_CONCURRENCY = YES;
				SWIFT_DEFAULT_ACTOR_ISOLATION = MainActor;
				SWIFT_EMIT_LOC_STRINGS = YES;
				SWIFT_UPCOMING_FEATURE_MEMBER_IMPORT_VISIBILITY = YES;
				SWIFT_VERSION = 5.0;
				TARGETED_DEVICE_FAMILY = "1,2";
			};
			name = Debug;
		};
		86B85A262F2BA269007EF5A9 /* Release */ = {
			isa = XCBuildConfiguration;
			buildSettings = {
				ASSETCATALOG_COMPILER_APPICON_NAME = AppIcon;
				ASSETCATALOG_COMPILER_GLOBAL_ACCENT_COLOR_NAME = AccentColor;
				CODE_SIGN_STYLE = Automatic;
				CURRENT_PROJECT_VERSION = 1;
				ENABLE_PREVIEWS = YES;
				GENERATE_INFOPLIST_FILE = YES;
				INFOPLIST_FILE = PianoApp/Info.plist;
				INFOPLIST_KEY_UIApplicationSceneManifest_Generation = YES;
				INFOPLIST_KEY_UIApplicationSupportsIndirectInputEvents = YES;
				INFOPLIST_KEY_UILaunchScreen_Generation = YES;
				INFOPLIST_KEY_UISupportedInterfaceOrientations_iPad = "UIInterfaceOrientationPortrait UIInterfaceOrientationPortraitUpsideDown UIInterfaceOrientationLandscapeLeft UIInterfaceOrientationLandscapeRight";
				INFOPLIST_KEY_UISupportedInterfaceOrientations_iPhone = "UIInterfaceOrientationPortrait UIInterfaceOrientationLandscapeLeft UIInterfaceOrientationLandscapeRight";
				LD_RUNPATH_SEARCH_PATHS = (
					"$(inherited)",
					"@executable_path/Frameworks",
				);
				MARKETING_VERSION = 1.0;
				PRODUCT_BUNDLE_IDENTIFIER = com.jaims.PianoApp;
				PRODUCT_NAME = "$(TARGET_NAME)";
				STRING_CATALOG_GENERATE_SYMBOLS = YES;
				SWIFT_APPROACHABLE_CONCURRENCY = YES;
				SWIFT_DEFAULT_ACTOR_ISOLATION = MainActor;
				SWIFT_EMIT_LOC_STRINGS = YES;
				SWIFT_UPCOMING_FEATURE_MEMBER_IMPORT_VISIBILITY = YES;
				SWIFT_VERSION = 5.0;
				TARGETED_DEVICE_FAMILY = "1,2";
			};
			name = Release;
		};
/* End XCBuildConfiguration section */

/* Begin XCConfigurationList section */
		86B85A142F2BA268007EF5A9 /* Build configuration list for PBXProject "PianoApp" */ = {
			isa = XCConfigurationList;
			buildConfigurations = (
				86B85A222F2BA269007EF5A9 /* Debug */,
				86B85A232F2BA269007EF5A9 /* Release */,
			);
			defaultConfigurationIsVisible = 0;
			defaultConfigurationName = Release;
		};
		86B85A242F2BA269007EF5A9 /* Build configuration list for PBXNativeTarget "PianoApp" */ = {
			isa = XCConfigurationList;
			buildConfigurations = (
				86B85A252F2BA269007EF5A9 /* Debug */,
				86B85A262F2BA269007EF5A9 /* Release */,
			);
			defaultConfigurationIsVisible = 0;
			defaultConfigurationName = Release;
		};
/* End XCConfigurationList section */

/* Begin XCRemoteSwiftPackageReference section */
		86B85A292F2BA8FC007EF5A9 /* XCRemoteSwiftPackageReference "firebase-ios-sdk" */ = {
			isa = XCRemoteSwiftPackageReference;
			repositoryURL = "https://github.com/firebase/firebase-ios-sdk";
			requirement = {
				kind = upToNextMajorVersion;
				minimumVersion = 12.8.0;
			};
		};
		86B85A4A2F302C7C007EF5A9 /* XCRemoteSwiftPackageReference "GoogleSignIn-iOS" */ = {
			isa = XCRemoteSwiftPackageReference;
			repositoryURL = "https://github.com/google/GoogleSignIn-iOS";
			requirement = {
				kind = upToNextMajorVersion;
				minimumVersion = 9.1.0;
			};
		};
		86B85A4F2F30C92E007EF5A9 /* XCRemoteSwiftPackageReference "facebook-ios-sdk" */ = {
			isa = XCRemoteSwiftPackageReference;
			repositoryURL = "https://github.com/facebook/facebook-ios-sdk";
			requirement = {
				kind = upToNextMajorVersion;
				minimumVersion = 14.1.0;
			};
		};
/* End XCRemoteSwiftPackageReference section */

/* Begin XCSwiftPackageProductDependency section */
		86B85A2A2F2BA8FC007EF5A9 /* FirebaseAnalytics */ = {
			isa = XCSwiftPackageProductDependency;
			package = 86B85A292F2BA8FC007EF5A9 /* XCRemoteSwiftPackageReference "firebase-ios-sdk" */;
			productName = FirebaseAnalytics;
		};
		86B85A2C2F2BA8FC007EF5A9 /* FirebaseAuth */ = {
			isa = XCSwiftPackageProductDependency;
			package = 86B85A292F2BA8FC007EF5A9 /* XCRemoteSwiftPackageReference "firebase-ios-sdk" */;
			productName = FirebaseAuth;
		};
		86B85A2E2F2BA8FC007EF5A9 /* FirebaseFirestore */ = {
			isa = XCSwiftPackageProductDependency;
			package = 86B85A292F2BA8FC007EF5A9 /* XCRemoteSwiftPackageReference "firebase-ios-sdk" */;
			productName = FirebaseFirestore;
		};
		86B85A4B2F302C7C007EF5A9 /* GoogleSignIn */ = {
			isa = XCSwiftPackageProductDependency;
			package = 86B85A4A2F302C7C007EF5A9 /* XCRemoteSwiftPackageReference "GoogleSignIn-iOS" */;
			productName = GoogleSignIn;
		};
		86B85A4D2F302C7C007EF5A9 /* GoogleSignInSwift */ = {
			isa = XCSwiftPackageProductDependency;
			package = 86B85A4A2F302C7C007EF5A9 /* XCRemoteSwiftPackageReference "GoogleSignIn-iOS" */;
			productName = GoogleSignInSwift;
		};
		86B85A502F30C92E007EF5A9 /* FacebookAEM */ = {
			isa = XCSwiftPackageProductDependency;
			package = 86B85A4F2F30C92E007EF5A9 /* XCRemoteSwiftPackageReference "facebook-ios-sdk" */;
			productName = FacebookAEM;
		};
		86B85A522F30C92E007EF5A9 /* FacebookBasics */ = {
			isa = XCSwiftPackageProductDependency;
			package = 86B85A4F2F30C92E007EF5A9 /* XCRemoteSwiftPackageReference "facebook-ios-sdk" */;
			productName = FacebookBasics;
		};
		86B85A542F30C92E007EF5A9 /* FacebookCore */ = {
			isa = XCSwiftPackageProductDependency;
			package = 86B85A4F2F30C92E007EF5A9 /* XCRemoteSwiftPackageReference "facebook-ios-sdk" */;
			productName = FacebookCore;
		};
		86B85A582F30C92E007EF5A9 /* FacebookLogin */ = {
			isa = XCSwiftPackageProductDependency;
			package = 86B85A4F2F30C92E007EF5A9 /* XCRemoteSwiftPackageReference "facebook-ios-sdk" */;
			productName = FacebookLogin;
		};
/* End XCSwiftPackageProductDependency section */
	};
	rootObject = 86B85A112F2BA268007EF5A9 /* Project object */;
}
